
Microsoft Visual Studio Solution File, Format Version 12.00
# Visual Studio Version 17
VisualStudioVersion = 17.5.33627.172
MinimumVisualStudioVersion = 10.0.40219.1
Project("{FAE04EC0-301F-11D3-BF4B-00C04F79EFBC}") = "Hospital Managment", "Hospital Managment\Hospital Managment.csproj", "{AE29BD78-0437-4C7C-81A9-5059BCF29548}"
EndProject
Project("{2150E333-8FDC-42A3-9474-1A3956D46DE8}") = "Solution Items", "Solution Items", "{DFEF116D-1902-4F53-99A9-9CB458A7A06A}"
	ProjectSection(SolutionItems) = preProject
		.editorconfig = .editorconfig
	EndProjectSection
EndProject
Global
	GlobalSection(SolutionConfigurationPlatforms) = preSolution
		Debug|Any CPU = Debug|Any CPU
		Release|Any CPU = Release|Any CPU
	EndGlobalSection
	GlobalSection(ProjectConfigurationPlatforms) = postSolution
		{AE29BD78-0437-4C7C-81A9-5059BCF29548}.Debug|Any CPU.ActiveCfg = Debug|Any CPU
		{AE29BD78-0437-4C7C-81A9-5059BCF29548}.Debug|Any CPU.Build.0 = Debug|Any CPU
		{AE29BD78-0437-4C7C-81A9-5059BCF29548}.Release|Any CPU.ActiveCfg = Release|Any CPU
		{AE29BD78-0437-4C7C-81A9-5059BCF29548}.Release|Any CPU.Build.0 = Release|Any CPU
	EndGlobalSection
	GlobalSection(SolutionProperties) = preSolution
		HideSolutionNode = FALSE
	EndGlobalSection
	GlobalSection(ExtensibilityGlobals) = postSolution
		SolutionGuid = {37C62506-22C2-4579-AE02-3CF57F892F40}
	EndGlobalSection
EndGlobal
